
Microsoft Visual Studio Solution File, Format Version 12.00
# Visual Studio 2012
Project("{FAE04EC0-301F-11D3-BF4B-00C04F79EFBC}") = "PW_from_keychain_export", "PW_from_keychain_export\PW_from_keychain_export.csproj", "{419B61FA-40E5-41B4-8F3B-37ECC61810A3}"
EndProject
Project("{2150E333-8FDC-42A3-9474-1A3956D46DE8}") = "Solution Items", "Solution Items", "{708C4AB2-3052-4100-9984-5CD5A90CA64E}"
	ProjectSection(SolutionItems) = preProject
		LICENSE = LICENSE
		README.md = README.md
	EndProjectSection
EndProject
Global
	GlobalSection(SolutionConfigurationPlatforms) = preSolution
		Debug|x86 = Debug|x86
		Release|x86 = Release|x86
	EndGlobalSection
	GlobalSection(ProjectConfigurationPlatforms) = postSolution
		{419B61FA-40E5-41B4-8F3B-37ECC61810A3}.Debug|x86.ActiveCfg = Debug|x86
		{419B61FA-40E5-41B4-8F3B-37ECC61810A3}.Debug|x86.Build.0 = Debug|x86
		{419B61FA-40E5-41B4-8F3B-37ECC61810A3}.Release|x86.ActiveCfg = Release|x86
		{419B61FA-40E5-41B4-8F3B-37ECC61810A3}.Release|x86.Build.0 = Release|x86
	EndGlobalSection
EndGlobal
